<?xml version="1.0" encoding="utf-8"?>
<Project ToolsVersion="4.0" xmlns="http://schemas.microsoft.com/developer/msbuild/2003">
  <ItemGroup>
    <Filter Include="Source Files">
      <UniqueIdentifier>{4FC737F1-C7A5-4376-A066-2A32D752A2FF}</UniqueIdentifier>
      <Extensions>cpp;c;cc;cxx;def;odl;idl;hpj;bat;asm;asmx</Extensions>
    </Filter>
    <Filter Include="Header Files">
      <UniqueIdentifier>{93995380-89BD-4b04-88EB-625FBE52EBFB}</UniqueIdentifier>
      <Extensions>h;hh;hpp;hxx;hm;inl;inc;xsd</Extensions>
    </Filter>
    <Filter Include="Resource Files">
      <UniqueIdentifier>{67DA6AB6-F800-4c08-8B7A-83BB121AAD01}</UniqueIdentifier>
      <Extensions>rc;ico;cur;bmp;dlg;rc2;rct;bin;rgs;gif;jpg;jpeg;jpe;resx;tiff;tif;png;wav;mfcribbon-ms</Extensions>
    </Filter>
  </ItemGroup>
  <ItemGroup>
    <CustomBuild Include="aspell\dirs.h.rule">
      <Filter>Resource Files</Filter>
    </CustomBuild>
    <CustomBuild Include="aspell\static_filters.src.cpp.rule">
      <Filter>Resource Files</Filter>
    </CustomBuild>
  </ItemGroup>
  <ItemGroup>
    <ClCompile Include="aspell\common\cache.cpp">
      <Filter>Source Files</Filter>
    </ClCompile>
    <ClCompile Include="aspell\common\can_have_error.cpp">
      <Filter>Source Files</Filter>
    </ClCompile>
    <ClCompile Include="aspell\common\config.cpp">
      <Filter>Source Files</Filter>
    </ClCompile>
    <ClCompile Include="aspell\common\convert.cpp">
      <Filter>Source Files</Filter>
    </ClCompile>
    <ClCompile Include="aspell\common\document_checker.cpp">
      <Filter>Source Files</Filter>
    </ClCompile>
    <ClCompile Include="aspell\common\error.cpp">
      <Filter>Source Files</Filter>
    </ClCompile>
    <ClCompile Include="aspell\common\errors.cpp">
      <Filter>Source Files</Filter>
    </ClCompile>
    <ClCompile Include="aspell\common\file_data_util.cpp">
      <Filter>Source Files</Filter>
    </ClCompile>
    <ClCompile Include="aspell\common\file_util.cpp">
      <Filter>Source Files</Filter>
    </ClCompile>
    <ClCompile Include="aspell\common\filter.cpp">
      <Filter>Source Files</Filter>
    </ClCompile>
    <ClCompile Include="aspell\common\fstream.cpp">
      <Filter>Source Files</Filter>
    </ClCompile>
    <ClCompile Include="aspell\common\getdata.cpp">
      <Filter>Source Files</Filter>
    </ClCompile>
    <ClCompile Include="aspell\common\gettext_init.cpp">
      <Filter>Source Files</Filter>
    </ClCompile>
    <ClCompile Include="aspell\common\info.cpp">
      <Filter>Source Files</Filter>
    </ClCompile>
    <ClCompile Include="aspell\common\iostream.cpp">
      <Filter>Source Files</Filter>
    </ClCompile>
    <ClCompile Include="aspell\common\itemize.cpp">
      <Filter>Source Files</Filter>
    </ClCompile>
    <ClCompile Include="aspell\common\objstack.cpp">
      <Filter>Source Files</Filter>
    </ClCompile>
    <ClCompile Include="aspell\common\posib_err.cpp">
      <Filter>Source Files</Filter>
    </ClCompile>
    <ClCompile Include="aspell\common\speller.cpp">
      <Filter>Source Files</Filter>
    </ClCompile>
    <ClCompile Include="aspell\common\string.cpp">
      <Filter>Source Files</Filter>
    </ClCompile>
    <ClCompile Include="aspell\common\string_list.cpp">
      <Filter>Source Files</Filter>
    </ClCompile>
    <ClCompile Include="aspell\common\string_map.cpp">
      <Filter>Source Files</Filter>
    </ClCompile>
    <ClCompile Include="aspell\common\strtonum.cpp">
      <Filter>Source Files</Filter>
    </ClCompile>
    <ClCompile Include="aspell\common\tokenizer.cpp">
      <Filter>Source Files</Filter>
    </ClCompile>
    <ClCompile Include="aspell\lib\can_have_error-c.cpp">
      <Filter>Source Files</Filter>
    </ClCompile>
    <ClCompile Include="aspell\lib\config-c.cpp">
      <Filter>Source Files</Filter>
    </ClCompile>
    <ClCompile Include="aspell\lib\document_checker-c.cpp">
      <Filter>Source Files</Filter>
    </ClCompile>
    <ClCompile Include="aspell\lib\dummy.cpp">
      <Filter>Source Files</Filter>
    </ClCompile>
    <ClCompile Include="aspell\lib\error-c.cpp">
      <Filter>Source Files</Filter>
    </ClCompile>
    <ClCompile Include="aspell\lib\filter-c.cpp">
      <Filter>Source Files</Filter>
    </ClCompile>
    <ClCompile Include="aspell\lib\find_speller.cpp">
      <Filter>Source Files</Filter>
    </ClCompile>
    <ClCompile Include="aspell\lib\info-c.cpp">
      <Filter>Source Files</Filter>
    </ClCompile>
    <ClCompile Include="aspell\lib\mutable_container-c.cpp">
      <Filter>Source Files</Filter>
    </ClCompile>
    <ClCompile Include="aspell\lib\new_checker.cpp">
      <Filter>Source Files</Filter>
    </ClCompile>
    <ClCompile Include="aspell\lib\new_config.cpp">
      <Filter>Source Files</Filter>
    </ClCompile>
    <ClCompile Include="aspell\lib\new_filter.cpp">
      <Filter>Source Files</Filter>
    </ClCompile>
    <ClCompile Include="aspell\lib\new_fmode.cpp">
      <Filter>Source Files</Filter>
    </ClCompile>
    <ClCompile Include="aspell\lib\speller-c.cpp">
      <Filter>Source Files</Filter>
    </ClCompile>
    <ClCompile Include="aspell\lib\string_enumeration-c.cpp">
      <Filter>Source Files</Filter>
    </ClCompile>
    <ClCompile Include="aspell\lib\string_list-c.cpp">
      <Filter>Source Files</Filter>
    </ClCompile>
    <ClCompile Include="aspell\lib\string_map-c.cpp">
      <Filter>Source Files</Filter>
    </ClCompile>
    <ClCompile Include="aspell\lib\string_pair_enumeration-c.cpp">
      <Filter>Source Files</Filter>
    </ClCompile>
    <ClCompile Include="aspell\lib\word_list-c.cpp">
      <Filter>Source Files</Filter>
    </ClCompile>
    <ClCompile Include="aspell\modules\filter\context.cpp">
      <Filter>Source Files</Filter>
    </ClCompile>
    <ClCompile Include="aspell\modules\filter\email.cpp">
      <Filter>Source Files</Filter>
    </ClCompile>
    <ClCompile Include="aspell\modules\filter\nroff.cpp">
      <Filter>Source Files</Filter>
    </ClCompile>
    <ClCompile Include="aspell\modules\filter\sgml.cpp">
      <Filter>Source Files</Filter>
    </ClCompile>
    <ClCompile Include="aspell\modules\filter\tex.cpp">
      <Filter>Source Files</Filter>
    </ClCompile>
    <ClCompile Include="aspell\modules\filter\texinfo.cpp">
      <Filter>Source Files</Filter>
    </ClCompile>
    <ClCompile Include="aspell\modules\filter\url.cpp">
      <Filter>Source Files</Filter>
    </ClCompile>
    <ClCompile Include="aspell\modules\speller\default\affix.cpp">
      <Filter>Source Files</Filter>
    </ClCompile>
    <ClCompile Include="aspell\modules\speller\default\data.cpp">
      <Filter>Source Files</Filter>
    </ClCompile>
    <ClCompile Include="aspell\modules\speller\default\editdist.cpp">
      <Filter>Source Files</Filter>
    </ClCompile>
    <ClCompile Include="aspell\modules\speller\default\language.cpp">
      <Filter>Source Files</Filter>
    </ClCompile>
    <ClCompile Include="aspell\modules\speller\default\leditdist.cpp">
      <Filter>Source Files</Filter>
    </ClCompile>
    <ClCompile Include="aspell\modules\speller\default\multi_ws.cpp">
      <Filter>Source Files</Filter>
    </ClCompile>
    <ClCompile Include="aspell\modules\speller\default\phonet.cpp">
      <Filter>Source Files</Filter>
    </ClCompile>
    <ClCompile Include="aspell\modules\speller\default\phonetic.cpp">
      <Filter>Source Files</Filter>
    </ClCompile>
    <ClCompile Include="aspell\modules\speller\default\primes.cpp">
      <Filter>Source Files</Filter>
    </ClCompile>
    <ClCompile Include="aspell\modules\speller\default\readonly_ws.cpp">
      <Filter>Source Files</Filter>
    </ClCompile>
    <ClCompile Include="aspell\modules\speller\default\speller_impl.cpp">
      <Filter>Source Files</Filter>
    </ClCompile>
    <ClCompile Include="aspell\modules\speller\default\suggest.cpp">
      <Filter>Source Files</Filter>
    </ClCompile>
    <ClCompile Include="aspell\modules\speller\default\typo_editdist.cpp">
      <Filter>Source Files</Filter>
    </ClCompile>
    <ClCompile Include="aspell\modules\speller\default\writable.cpp">
      <Filter>Source Files</Filter>
    </ClCompile>
    <ClCompile Include="aspell\modules\tokenizer\basic.cpp">
      <Filter>Source Files</Filter>
    </ClCompile>
    <ClCompile Include="aspell\win32\dirent.c">
      <Filter>Source Files</Filter>
    </ClCompile>
  </ItemGroup>
</Project>