
Microsoft Visual Studio Solution File, Format Version 12.00
# Visual Studio 2013
VisualStudioVersion = 12.0.31101.0
MinimumVisualStudioVersion = 10.0.40219.1
Project("{8BC9CEB8-8B4A-11D0-8D11-00A0C91BC942}") = "bzip2", "bzip2.vcxproj", "{C5D95D0F-7BC8-44EB-A480-AC3AA14E4A2F}"
EndProject
Project("{8BC9CEB8-8B4A-11D0-8D11-00A0C91BC942}") = "zlib", "zlib.vcxproj", "{9AC6D958-EAAD-4066-813E-DF5241089BBC}"
	ProjectSection(ProjectDependencies) = postProject
		{C5D95D0F-7BC8-44EB-A480-AC3AA14E4A2F} = {C5D95D0F-7BC8-44EB-A480-AC3AA14E4A2F}
	EndProjectSection
EndProject
Project("{8BC9CEB8-8B4A-11D0-8D11-00A0C91BC942}") = "intl", "intl.vcxproj", "{A523501C-EEBB-47B8-8C2D-E6C43BD34B66}"
EndProject
Project("{8BC9CEB8-8B4A-11D0-8D11-00A0C91BC942}") = "dcpp", "dcpp.vcxproj", "{699EB393-774B-4AB5-8951-EDECC2B53812}"
	ProjectSection(ProjectDependencies) = postProject
		{C5D95D0F-7BC8-44EB-A480-AC3AA14E4A2F} = {C5D95D0F-7BC8-44EB-A480-AC3AA14E4A2F}
		{A523501C-EEBB-47B8-8C2D-E6C43BD34B66} = {A523501C-EEBB-47B8-8C2D-E6C43BD34B66}
		{9AC6D958-EAAD-4066-813E-DF5241089BBC} = {9AC6D958-EAAD-4066-813E-DF5241089BBC}
		{8F75E760-BBB0-495E-8796-FFC5D9EB5B63} = {8F75E760-BBB0-495E-8796-FFC5D9EB5B63}
		{EA96E07C-A876-4E04-A812-43F4CB4FA3A9} = {EA96E07C-A876-4E04-A812-43F4CB4FA3A9}
		{70CE429A-2AD4-40CF-8348-1F7542E75EBD} = {70CE429A-2AD4-40CF-8348-1F7542E75EBD}
		{045E98B0-B31A-43D7-98EF-C0DB3E6F998D} = {045E98B0-B31A-43D7-98EF-C0DB3E6F998D}
	EndProjectSection
EndProject
Project("{8BC9CEB8-8B4A-11D0-8D11-00A0C91BC942}") = "extra", "extra.vcxproj", "{045E98B0-B31A-43D7-98EF-C0DB3E6F998D}"
	ProjectSection(ProjectDependencies) = postProject
		{70CE429A-2AD4-40CF-8348-1F7542E75EBD} = {70CE429A-2AD4-40CF-8348-1F7542E75EBD}
	EndProjectSection
EndProject
Project("{8BC9CEB8-8B4A-11D0-8D11-00A0C91BC942}") = "miniupnpc", "miniupnpc.vcxproj", "{EA96E07C-A876-4E04-A812-43F4CB4FA3A9}"
EndProject
Project("{8BC9CEB8-8B4A-11D0-8D11-00A0C91BC942}") = "dht", "dht.vcxproj", "{8F75E760-BBB0-495E-8796-FFC5D9EB5B63}"
	ProjectSection(ProjectDependencies) = postProject
		{70CE429A-2AD4-40CF-8348-1F7542E75EBD} = {70CE429A-2AD4-40CF-8348-1F7542E75EBD}
	EndProjectSection
EndProject
Project("{8BC9CEB8-8B4A-11D0-8D11-00A0C91BC942}") = "eiskaltdcpp-qt", "eiskaltdcpp-qt.vcxproj", "{5D108E82-6CB4-4B41-919D-243E05DF646F}"
	ProjectSection(ProjectDependencies) = postProject
		{C5D95D0F-7BC8-44EB-A480-AC3AA14E4A2F} = {C5D95D0F-7BC8-44EB-A480-AC3AA14E4A2F}
		{A523501C-EEBB-47B8-8C2D-E6C43BD34B66} = {A523501C-EEBB-47B8-8C2D-E6C43BD34B66}
		{9AC6D958-EAAD-4066-813E-DF5241089BBC} = {9AC6D958-EAAD-4066-813E-DF5241089BBC}
		{8F75E760-BBB0-495E-8796-FFC5D9EB5B63} = {8F75E760-BBB0-495E-8796-FFC5D9EB5B63}
		{EA96E07C-A876-4E04-A812-43F4CB4FA3A9} = {EA96E07C-A876-4E04-A812-43F4CB4FA3A9}
		{699EB393-774B-4AB5-8951-EDECC2B53812} = {699EB393-774B-4AB5-8951-EDECC2B53812}
		{70CE429A-2AD4-40CF-8348-1F7542E75EBD} = {70CE429A-2AD4-40CF-8348-1F7542E75EBD}
		{045E98B0-B31A-43D7-98EF-C0DB3E6F998D} = {045E98B0-B31A-43D7-98EF-C0DB3E6F998D}
	EndProjectSection
EndProject
Project("{8BC9CEB8-8B4A-11D0-8D11-00A0C91BC942}") = "MakeDefs", "MakeDefs\MakeDefs.vcxproj", "{70CE429A-2AD4-40CF-8348-1F7542E75EBD}"
EndProject
Global
	GlobalSection(SolutionConfigurationPlatforms) = preSolution
		Debug|Win32 = Debug|Win32
		Release|Win32 = Release|Win32
	EndGlobalSection
	GlobalSection(ProjectConfigurationPlatforms) = postSolution
		{C5D95D0F-7BC8-44EB-A480-AC3AA14E4A2F}.Debug|Win32.ActiveCfg = Debug|Win32
		{C5D95D0F-7BC8-44EB-A480-AC3AA14E4A2F}.Debug|Win32.Build.0 = Debug|Win32
		{C5D95D0F-7BC8-44EB-A480-AC3AA14E4A2F}.Release|Win32.ActiveCfg = Release|Win32
		{C5D95D0F-7BC8-44EB-A480-AC3AA14E4A2F}.Release|Win32.Build.0 = Release|Win32
		{9AC6D958-EAAD-4066-813E-DF5241089BBC}.Debug|Win32.ActiveCfg = Debug|Win32
		{9AC6D958-EAAD-4066-813E-DF5241089BBC}.Debug|Win32.Build.0 = Debug|Win32
		{9AC6D958-EAAD-4066-813E-DF5241089BBC}.Release|Win32.ActiveCfg = Release|Win32
		{9AC6D958-EAAD-4066-813E-DF5241089BBC}.Release|Win32.Build.0 = Release|Win32
		{A523501C-EEBB-47B8-8C2D-E6C43BD34B66}.Debug|Win32.ActiveCfg = Debug|Win32
		{A523501C-EEBB-47B8-8C2D-E6C43BD34B66}.Debug|Win32.Build.0 = Debug|Win32
		{A523501C-EEBB-47B8-8C2D-E6C43BD34B66}.Release|Win32.ActiveCfg = Release|Win32
		{A523501C-EEBB-47B8-8C2D-E6C43BD34B66}.Release|Win32.Build.0 = Release|Win32
		{699EB393-774B-4AB5-8951-EDECC2B53812}.Debug|Win32.ActiveCfg = Debug|Win32
		{699EB393-774B-4AB5-8951-EDECC2B53812}.Debug|Win32.Build.0 = Debug|Win32
		{699EB393-774B-4AB5-8951-EDECC2B53812}.Release|Win32.ActiveCfg = Release|Win32
		{699EB393-774B-4AB5-8951-EDECC2B53812}.Release|Win32.Build.0 = Release|Win32
		{045E98B0-B31A-43D7-98EF-C0DB3E6F998D}.Debug|Win32.ActiveCfg = Debug|Win32
		{045E98B0-B31A-43D7-98EF-C0DB3E6F998D}.Debug|Win32.Build.0 = Debug|Win32
		{045E98B0-B31A-43D7-98EF-C0DB3E6F998D}.Release|Win32.ActiveCfg = Release|Win32
		{045E98B0-B31A-43D7-98EF-C0DB3E6F998D}.Release|Win32.Build.0 = Release|Win32
		{EA96E07C-A876-4E04-A812-43F4CB4FA3A9}.Debug|Win32.ActiveCfg = Debug|Win32
		{EA96E07C-A876-4E04-A812-43F4CB4FA3A9}.Debug|Win32.Build.0 = Debug|Win32
		{EA96E07C-A876-4E04-A812-43F4CB4FA3A9}.Release|Win32.ActiveCfg = Release|Win32
		{EA96E07C-A876-4E04-A812-43F4CB4FA3A9}.Release|Win32.Build.0 = Release|Win32
		{8F75E760-BBB0-495E-8796-FFC5D9EB5B63}.Debug|Win32.ActiveCfg = Debug|Win32
		{8F75E760-BBB0-495E-8796-FFC5D9EB5B63}.Debug|Win32.Build.0 = Debug|Win32
		{8F75E760-BBB0-495E-8796-FFC5D9EB5B63}.Release|Win32.ActiveCfg = Release|Win32
		{8F75E760-BBB0-495E-8796-FFC5D9EB5B63}.Release|Win32.Build.0 = Release|Win32
		{5D108E82-6CB4-4B41-919D-243E05DF646F}.Debug|Win32.ActiveCfg = Debug|Win32
		{5D108E82-6CB4-4B41-919D-243E05DF646F}.Debug|Win32.Build.0 = Debug|Win32
		{5D108E82-6CB4-4B41-919D-243E05DF646F}.Release|Win32.ActiveCfg = Release|Win32
		{5D108E82-6CB4-4B41-919D-243E05DF646F}.Release|Win32.Build.0 = Release|Win32
		{70CE429A-2AD4-40CF-8348-1F7542E75EBD}.Debug|Win32.ActiveCfg = Debug|Win32
		{70CE429A-2AD4-40CF-8348-1F7542E75EBD}.Debug|Win32.Build.0 = Debug|Win32
		{70CE429A-2AD4-40CF-8348-1F7542E75EBD}.Release|Win32.ActiveCfg = Release|Win32
		{70CE429A-2AD4-40CF-8348-1F7542E75EBD}.Release|Win32.Build.0 = Release|Win32
	EndGlobalSection
	GlobalSection(SolutionProperties) = preSolution
		HideSolutionNode = FALSE
	EndGlobalSection
EndGlobal
